
Microsoft Visual Studio Solution File, Format Version 12.00
# Visual Studio 15
Project("{FAE04EC0-301F-11D3-BF4B-00C04F79EFBC}") = "Web_API_Entity_Framework_Sample", "Web_API_Entity_Framework_Sample\Web_API_Entity_Framework_Sample.csproj", "{066029A6-1D5E-47A8-BFC4-405AEB0FA1F4}"
EndProject
Project("{FAE04EC0-301F-11D3-BF4B-00C04F79EFBC}") = "Web_API_Entity_Framework_Sample_Test", "Web_API_Entity_Framework_Sample_Test\Web_API_Entity_Framework_Sample_Test.csproj", "{8A373B3C-2D4E-4FD6-A837-8DEDA5A68AD0}"
EndProject
Global
	GlobalSection(SolutionConfigurationPlatforms) = preSolution
		Debug|Any CPU = Debug|Any CPU
		Release|Any CPU = Release|Any CPU
	EndGlobalSection
	GlobalSection(ProjectConfigurationPlatforms) = postSolution
		{066029A6-1D5E-47A8-BFC4-405AEB0FA1F4}.Debug|Any CPU.ActiveCfg = Debug|Any CPU
		{066029A6-1D5E-47A8-BFC4-405AEB0FA1F4}.Debug|Any CPU.Build.0 = Debug|Any CPU
		{066029A6-1D5E-47A8-BFC4-405AEB0FA1F4}.Release|Any CPU.ActiveCfg = Release|Any CPU
		{066029A6-1D5E-47A8-BFC4-405AEB0FA1F4}.Release|Any CPU.Build.0 = Release|Any CPU
		{8A373B3C-2D4E-4FD6-A837-8DEDA5A68AD0}.Debug|Any CPU.ActiveCfg = Debug|Any CPU
		{8A373B3C-2D4E-4FD6-A837-8DEDA5A68AD0}.Debug|Any CPU.Build.0 = Debug|Any CPU
		{8A373B3C-2D4E-4FD6-A837-8DEDA5A68AD0}.Release|Any CPU.ActiveCfg = Release|Any CPU
		{8A373B3C-2D4E-4FD6-A837-8DEDA5A68AD0}.Release|Any CPU.Build.0 = Release|Any CPU
	EndGlobalSection
EndGlobal
